
Microsoft Visual Studio Solution File, Format Version 12.00
Project("{FAE04EC0-301F-11D3-BF4B-00C04F79EFBC}") = "ArithmeticExpressionParser", "ArithmeticExpressionParser.csproj", "{967BFA81-D600-4A9E-A3FD-30C88080F054}"
EndProject
Global
	GlobalSection(SolutionConfigurationPlatforms) = preSolution
		Debug|Any CPU = Debug|Any CPU
		Release|Any CPU = Release|Any CPU
	EndGlobalSection
	GlobalSection(ProjectConfigurationPlatforms) = postSolution
		{967BFA81-D600-4A9E-A3FD-30C88080F054}.Debug|Any CPU.ActiveCfg = Debug|Any CPU
		{967BFA81-D600-4A9E-A3FD-30C88080F054}.Debug|Any CPU.Build.0 = Debug|Any CPU
		{967BFA81-D600-4A9E-A3FD-30C88080F054}.Release|Any CPU.ActiveCfg = Release|Any CPU
		{967BFA81-D600-4A9E-A3FD-30C88080F054}.Release|Any CPU.Build.0 = Release|Any CPU
	EndGlobalSection
EndGlobal
